// !$*UTF8*$!
{
	archiveVersion = 1;
	classes = {
	};
	objectVersion = 46;
	objects = {

/* Begin PBXBuildFile section */
		13C108401FC0E537000A1F93 /* YGNoteStorage.m in Sources */ = {isa = PBXBuildFile; fileRef = 1372BBC81ECDA87900C220B0 /* YGNoteStorage.m */; };
		13C108411FC0E537000A1F93 /* YGNoteName.m in Sources */ = {isa = PBXBuildFile; fileRef = 1372BBDB1ECDE9D800C220B0 /* YGNoteName.m */; };
		13C108421FC0E537000A1F93 /* YGRunMode.m in Sources */ = {isa = PBXBuildFile; fileRef = 1372BBCE1ECDAA9800C220B0 /* YGRunMode.m */; };
		13C108431FC0E537000A1F93 /* YGApplication.m in Sources */ = {isa = PBXBuildFile; fileRef = 1372BBC51ECC353800C220B0 /* YGApplication.m */; };
		13C108441FC0E537000A1F93 /* YGNoteTemplate.m in Sources */ = {isa = PBXBuildFile; fileRef = 1372BBE41ECDFE1600C220B0 /* YGNoteTemplate.m */; };
		13C108451FC0E537000A1F93 /* main.m in Sources */ = {isa = PBXBuildFile; fileRef = 1372BBB11ECC1B2400C220B0 /* main.m */; };
		13C108461FC0E537000A1F93 /* YGNoteBuilder.m in Sources */ = {isa = PBXBuildFile; fileRef = 1372BBE11ECDFC8B00C220B0 /* YGNoteBuilder.m */; };
		13C108481FC0E537000A1F93 /* libYGHTMLRanged.a in Frameworks */ = {isa = PBXBuildFile; fileRef = 1347D8091F72E38800C11DB2 /* libYGHTMLRanged.a */; };
		13C108491FC0E537000A1F93 /* libYGConfig.a in Frameworks */ = {isa = PBXBuildFile; fileRef = 1347D8071F72E36200C11DB2 /* libYGConfig.a */; };
		13FC17511FC0E611000CB7A5 /* noter in CopyFiles */ = {isa = PBXBuildFile; fileRef = 13FC174F1FC0E5D8000CB7A5 /* noter */; };
/* End PBXBuildFile section */

/* Begin PBXCopyFilesBuildPhase section */
		13C1084A1FC0E537000A1F93 /* CopyFiles */ = {
			isa = PBXCopyFilesBuildPhase;
			buildActionMask = 12;
			dstPath = /usr/local/bin;
			dstSubfolderSpec = 0;
			files = (
				13FC17511FC0E611000CB7A5 /* noter in CopyFiles */,
			);
			runOnlyForDeploymentPostprocessing = 0;
		};
/* End PBXCopyFilesBuildPhase section */

/* Begin PBXFileReference section */
		1347D8071F72E36200C11DB2 /* libYGConfig.a */ = {isa = PBXFileReference; lastKnownFileType = archive.ar; name = libYGConfig.a; path = "../../../../../Library/Developer/Xcode/DerivedData/YGConfig-bjtebflibbamtldcudmvudoakine/Build/Products/Release/libYGConfig.a"; sourceTree = "<group>"; };
		1347D8091F72E38800C11DB2 /* libYGHTMLRanged.a */ = {isa = PBXFileReference; lastKnownFileType = archive.ar; name = libYGHTMLRanged.a; path = "../../../../../Library/Developer/Xcode/DerivedData/YGHTMLRanged-dqpixpstflpjqfgrikylenjsdvui/Build/Products/Release/libYGHTMLRanged.a"; sourceTree = "<group>"; };
		1372BBB11ECC1B2400C220B0 /* main.m */ = {isa = PBXFileReference; lastKnownFileType = sourcecode.c.objc; path = main.m; sourceTree = "<group>"; };
		1372BBC01ECC1EB800C220B0 /* define.h */ = {isa = PBXFileReference; lastKnownFileType = sourcecode.c.h; path = define.h; sourceTree = "<group>"; };
		1372BBC41ECC353800C220B0 /* YGApplication.h */ = {isa = PBXFileReference; fileEncoding = 4; lastKnownFileType = sourcecode.c.h; path = YGApplication.h; sourceTree = "<group>"; };
		1372BBC51ECC353800C220B0 /* YGApplication.m */ = {isa = PBXFileReference; fileEncoding = 4; lastKnownFileType = sourcecode.c.objc; path = YGApplication.m; sourceTree = "<group>"; };
		1372BBC71ECDA87900C220B0 /* YGNoteStorage.h */ = {isa = PBXFileReference; fileEncoding = 4; lastKnownFileType = sourcecode.c.h; path = YGNoteStorage.h; sourceTree = "<group>"; };
		1372BBC81ECDA87900C220B0 /* YGNoteStorage.m */ = {isa = PBXFileReference; fileEncoding = 4; lastKnownFileType = sourcecode.c.objc; path = YGNoteStorage.m; sourceTree = "<group>"; };
		1372BBCD1ECDAA9800C220B0 /* YGRunMode.h */ = {isa = PBXFileReference; fileEncoding = 4; lastKnownFileType = sourcecode.c.h; path = YGRunMode.h; sourceTree = "<group>"; };
		1372BBCE1ECDAA9800C220B0 /* YGRunMode.m */ = {isa = PBXFileReference; fileEncoding = 4; lastKnownFileType = sourcecode.c.objc; path = YGRunMode.m; sourceTree = "<group>"; };
		1372BBDA1ECDE9D800C220B0 /* YGNoteName.h */ = {isa = PBXFileReference; fileEncoding = 4; lastKnownFileType = sourcecode.c.h; path = YGNoteName.h; sourceTree = "<group>"; };
		1372BBDB1ECDE9D800C220B0 /* YGNoteName.m */ = {isa = PBXFileReference; fileEncoding = 4; lastKnownFileType = sourcecode.c.objc; path = YGNoteName.m; sourceTree = "<group>"; };
		1372BBE01ECDFC8B00C220B0 /* YGNoteBuilder.h */ = {isa = PBXFileReference; fileEncoding = 4; lastKnownFileType = sourcecode.c.h; path = YGNoteBuilder.h; sourceTree = "<group>"; };
		1372BBE11ECDFC8B00C220B0 /* YGNoteBuilder.m */ = {isa = PBXFileReference; fileEncoding = 4; lastKnownFileType = sourcecode.c.objc; path = YGNoteBuilder.m; sourceTree = "<group>"; };
		1372BBE31ECDFE1600C220B0 /* YGNoteTemplate.h */ = {isa = PBXFileReference; fileEncoding = 4; lastKnownFileType = sourcecode.c.h; path = YGNoteTemplate.h; sourceTree = "<group>"; };
		1372BBE41ECDFE1600C220B0 /* YGNoteTemplate.m */ = {isa = PBXFileReference; fileEncoding = 4; lastKnownFileType = sourcecode.c.objc; path = YGNoteTemplate.m; sourceTree = "<group>"; };
		13C1084E1FC0E537000A1F93 /* noter */ = {isa = PBXFileReference; explicitFileType = "compiled.mach-o.executable"; includeInIndex = 0; name = noter; path = /Users/yanikng/Documents/dev/project/noter/noter/build/Release/noter; sourceTree = "<absolute>"; };
		13FC174F1FC0E5D8000CB7A5 /* noter */ = {isa = PBXFileReference; lastKnownFileType = text; name = noter; path = "../../../../../Library/Developer/Xcode/DerivedData/noter-gtletoqlnvxyfzatrcwfkwndvoct/Build/Products/Release/noter"; sourceTree = "<group>"; };
/* End PBXFileReference section */

/* Begin PBXFrameworksBuildPhase section */
		13C108471FC0E537000A1F93 /* Frameworks */ = {
			isa = PBXFrameworksBuildPhase;
			buildActionMask = 2147483647;
			files = (
				13C108481FC0E537000A1F93 /* libYGHTMLRanged.a in Frameworks */,
				13C108491FC0E537000A1F93 /* libYGConfig.a in Frameworks */,
			);
			runOnlyForDeploymentPostprocessing = 0;
		};
/* End PBXFrameworksBuildPhase section */

/* Begin PBXGroup section */
		1372BBA51ECC1B2400C220B0 = {
			isa = PBXGroup;
			children = (
				1372BBB01ECC1B2400C220B0 /* noter */,
				1372BBB81ECC1B7500C220B0 /* Frameworks */,
				13FC174E1FC0E5D3000CB7A5 /* Products */,
			);
			sourceTree = "<group>";
		};
		1372BBB01ECC1B2400C220B0 /* noter */ = {
			isa = PBXGroup;
			children = (
				1372BBB11ECC1B2400C220B0 /* main.m */,
				1372BBC41ECC353800C220B0 /* YGApplication.h */,
				1372BBC51ECC353800C220B0 /* YGApplication.m */,
				1372BBCD1ECDAA9800C220B0 /* YGRunMode.h */,
				1372BBCE1ECDAA9800C220B0 /* YGRunMode.m */,
				1372BBDA1ECDE9D800C220B0 /* YGNoteName.h */,
				1372BBDB1ECDE9D800C220B0 /* YGNoteName.m */,
				1372BBE31ECDFE1600C220B0 /* YGNoteTemplate.h */,
				1372BBE41ECDFE1600C220B0 /* YGNoteTemplate.m */,
				1372BBE01ECDFC8B00C220B0 /* YGNoteBuilder.h */,
				1372BBE11ECDFC8B00C220B0 /* YGNoteBuilder.m */,
				1372BBC71ECDA87900C220B0 /* YGNoteStorage.h */,
				1372BBC81ECDA87900C220B0 /* YGNoteStorage.m */,
				1372BBC01ECC1EB800C220B0 /* define.h */,
			);
			path = noter;
			sourceTree = "<group>";
		};
		1372BBB81ECC1B7500C220B0 /* Frameworks */ = {
			isa = PBXGroup;
			children = (
				1347D8091F72E38800C11DB2 /* libYGHTMLRanged.a */,
				1347D8071F72E36200C11DB2 /* libYGConfig.a */,
			);
			name = Frameworks;
			sourceTree = "<group>";
		};
		13FC174E1FC0E5D3000CB7A5 /* Products */ = {
			isa = PBXGroup;
			children = (
				13FC174F1FC0E5D8000CB7A5 /* noter */,
			);
			name = Products;
			sourceTree = "<group>";
		};
/* End PBXGroup section */

/* Begin PBXNativeTarget section */
		13C1083E1FC0E537000A1F93 /* noter */ = {
			isa = PBXNativeTarget;
			buildConfigurationList = 13C1084B1FC0E537000A1F93 /* Build configuration list for PBXNativeTarget "noter" */;
			buildPhases = (
				13C1083F1FC0E537000A1F93 /* Sources */,
				13C108471FC0E537000A1F93 /* Frameworks */,
				13C1084A1FC0E537000A1F93 /* CopyFiles */,
			);
			buildRules = (
			);
			dependencies = (
			);
			name = noter;
			productName = noter;
			productReference = 13C1084E1FC0E537000A1F93 /* noter */;
			productType = "com.apple.product-type.tool";
		};
/* End PBXNativeTarget section */

/* Begin PBXProject section */
		1372BBA61ECC1B2400C220B0 /* Project object */ = {
			isa = PBXProject;
			attributes = {
				LastUpgradeCheck = 0900;
				ORGANIZATIONNAME = "Yan Gerasimuk";
				TargetAttributes = {
					13C1083E1FC0E537000A1F93 = {
						DevelopmentTeam = EF64T58JW4;
					};
				};
			};
			buildConfigurationList = 1372BBA91ECC1B2400C220B0 /* Build configuration list for PBXProject "noter" */;
			compatibilityVersion = "Xcode 3.2";
			developmentRegion = English;
			hasScannedForEncodings = 0;
			knownRegions = (
				en,
			);
			mainGroup = 1372BBA51ECC1B2400C220B0;
			productRefGroup = 1372BBA51ECC1B2400C220B0;
			projectDirPath = "";
			projectRoot = "";
			targets = (
				13C1083E1FC0E537000A1F93 /* noter */,
			);
		};
/* End PBXProject section */

/* Begin PBXSourcesBuildPhase section */
		13C1083F1FC0E537000A1F93 /* Sources */ = {
			isa = PBXSourcesBuildPhase;
			buildActionMask = 2147483647;
			files = (
				13C108401FC0E537000A1F93 /* YGNoteStorage.m in Sources */,
				13C108411FC0E537000A1F93 /* YGNoteName.m in Sources */,
				13C108421FC0E537000A1F93 /* YGRunMode.m in Sources */,
				13C108431FC0E537000A1F93 /* YGApplication.m in Sources */,
				13C108441FC0E537000A1F93 /* YGNoteTemplate.m in Sources */,
				13C108451FC0E537000A1F93 /* main.m in Sources */,
				13C108461FC0E537000A1F93 /* YGNoteBuilder.m in Sources */,
			);
			runOnlyForDeploymentPostprocessing = 0;
		};
/* End PBXSourcesBuildPhase section */

/* Begin XCBuildConfiguration section */
		1372BBB31ECC1B2400C220B0 /* Debug */ = {
			isa = XCBuildConfiguration;
			buildSettings = {
				ALWAYS_SEARCH_USER_PATHS = YES;
				CLANG_ANALYZER_NONNULL = YES;
				CLANG_ANALYZER_NUMBER_OBJECT_CONVERSION = YES_AGGRESSIVE;
				CLANG_CXX_LANGUAGE_STANDARD = "gnu++0x";
				CLANG_CXX_LIBRARY = "libc++";
				CLANG_ENABLE_MODULES = YES;
				CLANG_ENABLE_OBJC_ARC = YES;
				CLANG_WARN_BLOCK_CAPTURE_AUTORELEASING = YES;
				CLANG_WARN_BOOL_CONVERSION = YES;
				CLANG_WARN_COMMA = YES;
				CLANG_WARN_CONSTANT_CONVERSION = YES;
				CLANG_WARN_DIRECT_OBJC_ISA_USAGE = YES_ERROR;
				CLANG_WARN_DOCUMENTATION_COMMENTS = YES;
				CLANG_WARN_EMPTY_BODY = YES;
				CLANG_WARN_ENUM_CONVERSION = YES;
				CLANG_WARN_INFINITE_RECURSION = YES;
				CLANG_WARN_INT_CONVERSION = YES;
				CLANG_WARN_NON_LITERAL_NULL_CONVERSION = YES;
				CLANG_WARN_OBJC_LITERAL_CONVERSION = YES;
				CLANG_WARN_OBJC_ROOT_CLASS = YES_ERROR;
				CLANG_WARN_RANGE_LOOP_ANALYSIS = YES;
				CLANG_WARN_STRICT_PROTOTYPES = YES;
				CLANG_WARN_SUSPICIOUS_MOVE = YES;
				CLANG_WARN_UNREACHABLE_CODE = YES;
				CLANG_WARN__DUPLICATE_METHOD_MATCH = YES;
				CODE_SIGN_IDENTITY = "-";
				COPY_PHASE_STRIP = NO;
				DEBUG_INFORMATION_FORMAT = dwarf;
				ENABLE_STRICT_OBJC_MSGSEND = YES;
				ENABLE_TESTABILITY = YES;
				GCC_C_LANGUAGE_STANDARD = gnu99;
				GCC_DYNAMIC_NO_PIC = NO;
				GCC_NO_COMMON_BLOCKS = YES;
				GCC_OPTIMIZATION_LEVEL = 0;
				GCC_PREPROCESSOR_DEFINITIONS = (
					"DEBUG=1",
					"$(inherited)",
				);
				GCC_WARN_64_TO_32_BIT_CONVERSION = YES;
				GCC_WARN_ABOUT_RETURN_TYPE = YES_ERROR;
				GCC_WARN_UNDECLARED_SELECTOR = YES;
				GCC_WARN_UNINITIALIZED_AUTOS = YES_AGGRESSIVE;
				GCC_WARN_UNUSED_FUNCTION = YES;
				GCC_WARN_UNUSED_VARIABLE = YES;
				HEADER_SEARCH_PATHS = (
					"/Users/yanikng/Library/Developer/Xcode/DerivedData/YGConfig-bjtebflibbamtldcudmvudoakine/Build/Products/Release/include/YGConfig",
					"/Users/yanikng/Library/Developer/Xcode/DerivedData/YGHTMLRanged-dqpixpstflpjqfgrikylenjsdvui/Build/Products/Release/include/YGHTMLRanged",
					"/Users/yanikng/Library/Developer/Xcode/DerivedData/YGFileSystem-dovcmsxgnkazydfacanitdbfsoqz/Build/Products/Release/include/YGFileSystem",
				);
				LIBRARY_SEARCH_PATHS = (
					"/Users/yanikng/Library/Developer/Xcode/DerivedData/YGConfig-bjtebflibbamtldcudmvudoakine/Build/Products/Debug",
					"/Users/yanikng/Library/Developer/Xcode/DerivedData/YGHTMLRanged-dqpixpstflpjqfgrikylenjsdvui/Build/Products/Release",
					"/Users/yanikng/Library/Developer/Xcode/DerivedData/YGFileSystem-dovcmsxgnkazydfacanitdbfsoqz/Build/Products/Release",
				);
				MACOSX_DEPLOYMENT_TARGET = 10.12;
				MTL_ENABLE_DEBUG_INFO = YES;
				ONLY_ACTIVE_ARCH = YES;
				PRODUCT_NAME = noter;
				SDKROOT = macosx;
				USER_HEADER_SEARCH_PATHS = "";
			};
			name = Debug;
		};
		1372BBB41ECC1B2400C220B0 /* Release */ = {
			isa = XCBuildConfiguration;
			buildSettings = {
				ALWAYS_SEARCH_USER_PATHS = YES;
				CLANG_ANALYZER_NONNULL = YES;
				CLANG_ANALYZER_NUMBER_OBJECT_CONVERSION = YES_AGGRESSIVE;
				CLANG_CXX_LANGUAGE_STANDARD = "gnu++0x";
				CLANG_CXX_LIBRARY = "libc++";
				CLANG_ENABLE_MODULES = YES;
				CLANG_ENABLE_OBJC_ARC = YES;
				CLANG_WARN_BLOCK_CAPTURE_AUTORELEASING = YES;
				CLANG_WARN_BOOL_CONVERSION = YES;
				CLANG_WARN_COMMA = YES;
				CLANG_WARN_CONSTANT_CONVERSION = YES;
				CLANG_WARN_DIRECT_OBJC_ISA_USAGE = YES_ERROR;
				CLANG_WARN_DOCUMENTATION_COMMENTS = YES;
				CLANG_WARN_EMPTY_BODY = YES;
				CLANG_WARN_ENUM_CONVERSION = YES;
				CLANG_WARN_INFINITE_RECURSION = YES;
				CLANG_WARN_INT_CONVERSION = YES;
				CLANG_WARN_NON_LITERAL_NULL_CONVERSION = YES;
				CLANG_WARN_OBJC_LITERAL_CONVERSION = YES;
				CLANG_WARN_OBJC_ROOT_CLASS = YES_ERROR;
				CLANG_WARN_RANGE_LOOP_ANALYSIS = YES;
				CLANG_WARN_STRICT_PROTOTYPES = YES;
				CLANG_WARN_SUSPICIOUS_MOVE = YES;
				CLANG_WARN_UNREACHABLE_CODE = YES;
				CLANG_WARN__DUPLICATE_METHOD_MATCH = YES;
				CODE_SIGN_IDENTITY = "-";
				COPY_PHASE_STRIP = NO;
				DEBUG_INFORMATION_FORMAT = "dwarf-with-dsym";
				ENABLE_NS_ASSERTIONS = NO;
				ENABLE_STRICT_OBJC_MSGSEND = YES;
				GCC_C_LANGUAGE_STANDARD = gnu99;
				GCC_NO_COMMON_BLOCKS = YES;
				GCC_WARN_64_TO_32_BIT_CONVERSION = YES;
				GCC_WARN_ABOUT_RETURN_TYPE = YES_ERROR;
				GCC_WARN_UNDECLARED_SELECTOR = YES;
				GCC_WARN_UNINITIALIZED_AUTOS = YES_AGGRESSIVE;
				GCC_WARN_UNUSED_FUNCTION = YES;
				GCC_WARN_UNUSED_VARIABLE = YES;
				HEADER_SEARCH_PATHS = (
					"/Users/yanikng/Library/Developer/Xcode/DerivedData/YGConfig-bjtebflibbamtldcudmvudoakine/Build/Products/Release/include/YGConfig",
					"/Users/yanikng/Library/Developer/Xcode/DerivedData/YGHTMLRanged-dqpixpstflpjqfgrikylenjsdvui/Build/Products/Release/include/YGHTMLRanged",
					"/Users/yanikng/Library/Developer/Xcode/DerivedData/YGFileSystem-dovcmsxgnkazydfacanitdbfsoqz/Build/Products/Release/include/YGFileSystem",
				);
				LIBRARY_SEARCH_PATHS = (
					"/Users/yanikng/Library/Developer/Xcode/DerivedData/YGConfig-bjtebflibbamtldcudmvudoakine/Build/Products/Release",
					"/Users/yanikng/Library/Developer/Xcode/DerivedData/YGHTMLRanged-dqpixpstflpjqfgrikylenjsdvui/Build/Products/Release",
					"/Users/yanikng/Library/Developer/Xcode/DerivedData/YGFileSystem-dovcmsxgnkazydfacanitdbfsoqz/Build/Products/Release",
				);
				MACOSX_DEPLOYMENT_TARGET = 10.12;
				MTL_ENABLE_DEBUG_INFO = NO;
				PRODUCT_NAME = noter;
				SDKROOT = macosx;
				USER_HEADER_SEARCH_PATHS = "";
			};
			name = Release;
		};
		13C1084C1FC0E537000A1F93 /* Debug */ = {
			isa = XCBuildConfiguration;
			buildSettings = {
				DEVELOPMENT_TEAM = EF64T58JW4;
				PRODUCT_NAME = "$(TARGET_NAME)";
			};
			name = Debug;
		};
		13C1084D1FC0E537000A1F93 /* Release */ = {
			isa = XCBuildConfiguration;
			buildSettings = {
				DEVELOPMENT_TEAM = EF64T58JW4;
				PRODUCT_NAME = "$(TARGET_NAME)";
			};
			name = Release;
		};
/* End XCBuildConfiguration section */

/* Begin XCConfigurationList section */
		1372BBA91ECC1B2400C220B0 /* Build configuration list for PBXProject "noter" */ = {
			isa = XCConfigurationList;
			buildConfigurations = (
				1372BBB31ECC1B2400C220B0 /* Debug */,
				1372BBB41ECC1B2400C220B0 /* Release */,
			);
			defaultConfigurationIsVisible = 0;
			defaultConfigurationName = Release;
		};
		13C1084B1FC0E537000A1F93 /* Build configuration list for PBXNativeTarget "noter" */ = {
			isa = XCConfigurationList;
			buildConfigurations = (
				13C1084C1FC0E537000A1F93 /* Debug */,
				13C1084D1FC0E537000A1F93 /* Release */,
			);
			defaultConfigurationIsVisible = 0;
			defaultConfigurationName = Release;
		};
/* End XCConfigurationList section */
	};
	rootObject = 1372BBA61ECC1B2400C220B0 /* Project object */;
}
